{
  "requires": true,
  "lockfileVersion": 1,
  "dependencies": {
    "@tensorflow/tfjs-converter": {
      "version": "3.16.0",
      "resolved": "https://registry.npmjs.org/@tensorflow/tfjs-converter/-/tfjs-converter-3.16.0.tgz",
      "integrity": "sha512-qPzI0BvPa//YTyk704RhlshMjM++FWaery1ns/lhGJBXD50HQazUpjP+bzJ4OIOmPSKB85BOQuzZo58JPpZSug=="
    }
  }
}
