{
  "requires": true,
  "lockfileVersion": 1,
  "dependencies": {
    "@mycv/f8-notification": {
      "version": "1.0.1",
      "resolved": "https://registry.npmjs.org/@mycv/f8-notification/-/f8-notification-1.0.1.tgz",
      "integrity": "sha512-fQKM43iSZT4fjgcDVIDy4a1/Wxqlrc92C3Sm2zozYYQ9W+75xbjzSvFqmte6t5mYN7M5D0rZpFY3oyJ78q96FA==",
      "requires": {
        "local-storage": "^2.0.0"
      }
    },
    "local-storage": {
      "version": "2.0.0",
      "resolved": "https://registry.npmjs.org/local-storage/-/local-storage-2.0.0.tgz",
      "integrity": "sha512-/0sRoeijw7yr/igbVVygDuq6dlYCmtsuTmmpnweVlVtl/s10pf5BCq8LWBxW/AMyFJ3MhMUuggMZiYlx6qr9tw=="
    }
  }
}
